
Microsoft Visual Studio Solution File, Format Version 12.00
# Visual Studio Version 17
VisualStudioVersion = 17.11.35327.3
MinimumVisualStudioVersion = 10.0.40219.1
Project("{FAE04EC0-301F-11D3-BF4B-00C04F79EFBC}") = "CrapsGame", "CrapsGame.csproj", "{203B4439-003F-4506-85E2-CFD6F0708FD4}"
EndProject
Global
	GlobalSection(SolutionConfigurationPlatforms) = preSolution
		Debug|Any CPU = Debug|Any CPU
		Release|Any CPU = Release|Any CPU
	EndGlobalSection
	GlobalSection(ProjectConfigurationPlatforms) = postSolution
		{203B4439-003F-4506-85E2-CFD6F0708FD4}.Debug|Any CPU.ActiveCfg = Debug|Any CPU
		{203B4439-003F-4506-85E2-CFD6F0708FD4}.Debug|Any CPU.Build.0 = Debug|Any CPU
		{203B4439-003F-4506-85E2-CFD6F0708FD4}.Release|Any CPU.ActiveCfg = Release|Any CPU
		{203B4439-003F-4506-85E2-CFD6F0708FD4}.Release|Any CPU.Build.0 = Release|Any CPU
	EndGlobalSection
	GlobalSection(SolutionProperties) = preSolution
		HideSolutionNode = FALSE
	EndGlobalSection
	GlobalSection(ExtensibilityGlobals) = postSolution
		SolutionGuid = {64A459B4-85FB-4644-955F-C0C41669E0E7}
	EndGlobalSection
EndGlobal
